// !$*UTF8*$!
{
	archiveVersion = 1;
	classes = {
	};
	objectVersion = 51;
	objects = {

/* Begin PBXBuildFile section */
		840DB51B26455E44005FB225 /* AppDelegate.swift in Sources */ = {isa = PBXBuildFile; fileRef = 840DB51A26455E44005FB225 /* AppDelegate.swift */; };
		840DB51D26455E44005FB225 /* SceneDelegate.swift in Sources */ = {isa = PBXBuildFile; fileRef = 840DB51C26455E44005FB225 /* SceneDelegate.swift */; };
		840DB52226455E45005FB225 /* Main.storyboard in Resources */ = {isa = PBXBuildFile; fileRef = 840DB52026455E45005FB225 /* Main.storyboard */; };
		840DB52526455E45005FB225 /* Messenger.xcdatamodeld in Sources */ = {isa = PBXBuildFile; fileRef = 840DB52326455E45005FB225 /* Messenger.xcdatamodeld */; };
		840DB52726455E4A005FB225 /* Assets.xcassets in Resources */ = {isa = PBXBuildFile; fileRef = 840DB52626455E4A005FB225 /* Assets.xcassets */; };
		840DB52A26455E4A005FB225 /* LaunchScreen.storyboard in Resources */ = {isa = PBXBuildFile; fileRef = 840DB52826455E4A005FB225 /* LaunchScreen.storyboard */; };
		840DB53726456397005FB225 /* FriendListViewController.swift in Sources */ = {isa = PBXBuildFile; fileRef = 840DB53626456397005FB225 /* FriendListViewController.swift */; };
		840DB53F26456929005FB225 /* ConversationTableViewCell.swift in Sources */ = {isa = PBXBuildFile; fileRef = 840DB53E26456929005FB225 /* ConversationTableViewCell.swift */; };
		840DB5432645699D005FB225 /* UserOnlineCollectionViewCell.swift in Sources */ = {isa = PBXBuildFile; fileRef = 840DB5422645699D005FB225 /* UserOnlineCollectionViewCell.swift */; };
		840DB54F26461E0A005FB225 /* CustomPersonalButton.swift in Sources */ = {isa = PBXBuildFile; fileRef = 840DB54E26461E0A005FB225 /* CustomPersonalButton.swift */; };
		840DB55326463B2F005FB225 /* HomeViewController.swift in Sources */ = {isa = PBXBuildFile; fileRef = 840DB55226463B2F005FB225 /* HomeViewController.swift */; };
		840DB556264642D4005FB225 /* SearchBarTableViewCell.swift in Sources */ = {isa = PBXBuildFile; fileRef = 840DB555264642D4005FB225 /* SearchBarTableViewCell.swift */; };
		840DB559264643D1005FB225 /* UserOnlineTableViewCell.swift in Sources */ = {isa = PBXBuildFile; fileRef = 840DB558264643D1005FB225 /* UserOnlineTableViewCell.swift */; };
		840DB55D26464C93005FB225 /* User.swift in Sources */ = {isa = PBXBuildFile; fileRef = 840DB55C26464C93005FB225 /* User.swift */; };
		840DB56126465B1D005FB225 /* RegisterViewController.swift in Sources */ = {isa = PBXBuildFile; fileRef = 840DB56026465B1D005FB225 /* RegisterViewController.swift */; };
		840DB56426465C9E005FB225 /* TabBarViewController.swift in Sources */ = {isa = PBXBuildFile; fileRef = 840DB56326465C9E005FB225 /* TabBarViewController.swift */; };
		840DB5672646A66D005FB225 /* GoogleService-Info.plist in Resources */ = {isa = PBXBuildFile; fileRef = 840DB5662646A66D005FB225 /* GoogleService-Info.plist */; };
		845855F62646B03200BCC663 /* FirebaseSingleton.swift in Sources */ = {isa = PBXBuildFile; fileRef = 845855F52646B03200BCC663 /* FirebaseSingleton.swift */; };
		8563A2E1564C65BFDFC93452 /* Pods_Messenger.framework in Frameworks */ = {isa = PBXBuildFile; fileRef = 8B7082D8AEF0A99E8305173C /* Pods_Messenger.framework */; };
/* End PBXBuildFile section */

/* Begin PBXFileReference section */
		840DB51726455E44005FB225 /* Messenger.app */ = {isa = PBXFileReference; explicitFileType = wrapper.application; includeInIndex = 0; path = Messenger.app; sourceTree = BUILT_PRODUCTS_DIR; };
		840DB51A26455E44005FB225 /* AppDelegate.swift */ = {isa = PBXFileReference; lastKnownFileType = sourcecode.swift; path = AppDelegate.swift; sourceTree = "<group>"; };
		840DB51C26455E44005FB225 /* SceneDelegate.swift */ = {isa = PBXFileReference; lastKnownFileType = sourcecode.swift; path = SceneDelegate.swift; sourceTree = "<group>"; };
		840DB52126455E45005FB225 /* Base */ = {isa = PBXFileReference; lastKnownFileType = file.storyboard; name = Base; path = Base.lproj/Main.storyboard; sourceTree = "<group>"; };
		840DB52426455E45005FB225 /* Messenger.xcdatamodel */ = {isa = PBXFileReference; lastKnownFileType = wrapper.xcdatamodel; path = Messenger.xcdatamodel; sourceTree = "<group>"; };
		840DB52626455E4A005FB225 /* Assets.xcassets */ = {isa = PBXFileReference; lastKnownFileType = folder.assetcatalog; path = Assets.xcassets; sourceTree = "<group>"; };
		840DB52926455E4A005FB225 /* Base */ = {isa = PBXFileReference; lastKnownFileType = file.storyboard; name = Base; path = Base.lproj/LaunchScreen.storyboard; sourceTree = "<group>"; };
		840DB52B26455E4A005FB225 /* Info.plist */ = {isa = PBXFileReference; lastKnownFileType = text.plist.xml; path = Info.plist; sourceTree = "<group>"; };
		840DB53626456397005FB225 /* FriendListViewController.swift */ = {isa = PBXFileReference; lastKnownFileType = sourcecode.swift; path = FriendListViewController.swift; sourceTree = "<group>"; };
		840DB53E26456929005FB225 /* ConversationTableViewCell.swift */ = {isa = PBXFileReference; lastKnownFileType = sourcecode.swift; path = ConversationTableViewCell.swift; sourceTree = "<group>"; };
		840DB5422645699D005FB225 /* UserOnlineCollectionViewCell.swift */ = {isa = PBXFileReference; lastKnownFileType = sourcecode.swift; path = UserOnlineCollectionViewCell.swift; sourceTree = "<group>"; };
		840DB54E26461E0A005FB225 /* CustomPersonalButton.swift */ = {isa = PBXFileReference; lastKnownFileType = sourcecode.swift; path = CustomPersonalButton.swift; sourceTree = "<group>"; };
		840DB55226463B2F005FB225 /* HomeViewController.swift */ = {isa = PBXFileReference; lastKnownFileType = sourcecode.swift; path = HomeViewController.swift; sourceTree = "<group>"; };
		840DB555264642D4005FB225 /* SearchBarTableViewCell.swift */ = {isa = PBXFileReference; lastKnownFileType = sourcecode.swift; path = SearchBarTableViewCell.swift; sourceTree = "<group>"; };
		840DB558264643D1005FB225 /* UserOnlineTableViewCell.swift */ = {isa = PBXFileReference; lastKnownFileType = sourcecode.swift; path = UserOnlineTableViewCell.swift; sourceTree = "<group>"; };
		840DB55C26464C93005FB225 /* User.swift */ = {isa = PBXFileReference; lastKnownFileType = sourcecode.swift; path = User.swift; sourceTree = "<group>"; };
		840DB56026465B1D005FB225 /* RegisterViewController.swift */ = {isa = PBXFileReference; lastKnownFileType = sourcecode.swift; path = RegisterViewController.swift; sourceTree = "<group>"; };
		840DB56326465C9E005FB225 /* TabBarViewController.swift */ = {isa = PBXFileReference; lastKnownFileType = sourcecode.swift; path = TabBarViewController.swift; sourceTree = "<group>"; };
		840DB5662646A66D005FB225 /* GoogleService-Info.plist */ = {isa = PBXFileReference; fileEncoding = 4; lastKnownFileType = text.plist.xml; path = "GoogleService-Info.plist"; sourceTree = "<group>"; };
		845855F52646B03200BCC663 /* FirebaseSingleton.swift */ = {isa = PBXFileReference; lastKnownFileType = sourcecode.swift; path = FirebaseSingleton.swift; sourceTree = "<group>"; };
		8B7082D8AEF0A99E8305173C /* Pods_Messenger.framework */ = {isa = PBXFileReference; explicitFileType = wrapper.framework; includeInIndex = 0; path = Pods_Messenger.framework; sourceTree = BUILT_PRODUCTS_DIR; };
		BCD38BC5B8EEBF2CEB8DB750 /* Pods-Messenger.debug.xcconfig */ = {isa = PBXFileReference; includeInIndex = 1; lastKnownFileType = text.xcconfig; name = "Pods-Messenger.debug.xcconfig"; path = "Target Support Files/Pods-Messenger/Pods-Messenger.debug.xcconfig"; sourceTree = "<group>"; };
		F4873906C6587046AB976AC2 /* Pods-Messenger.release.xcconfig */ = {isa = PBXFileReference; includeInIndex = 1; lastKnownFileType = text.xcconfig; name = "Pods-Messenger.release.xcconfig"; path = "Target Support Files/Pods-Messenger/Pods-Messenger.release.xcconfig"; sourceTree = "<group>"; };
/* End PBXFileReference section */

/* Begin PBXFrameworksBuildPhase section */
		840DB51426455E44005FB225 /* Frameworks */ = {
			isa = PBXFrameworksBuildPhase;
			buildActionMask = 2147483647;
			files = (
				8563A2E1564C65BFDFC93452 /* Pods_Messenger.framework in Frameworks */,
			);
			runOnlyForDeploymentPostprocessing = 0;
		};
/* End PBXFrameworksBuildPhase section */

/* Begin PBXGroup section */
		551EBA93DCE4E18D7EFF1A1E /* Frameworks */ = {
			isa = PBXGroup;
			children = (
				8B7082D8AEF0A99E8305173C /* Pods_Messenger.framework */,
			);
			name = Frameworks;
			sourceTree = "<group>";
		};
		7D326CBB71FA6F5E4BFB33AB /* Pods */ = {
			isa = PBXGroup;
			children = (
				BCD38BC5B8EEBF2CEB8DB750 /* Pods-Messenger.debug.xcconfig */,
				F4873906C6587046AB976AC2 /* Pods-Messenger.release.xcconfig */,
			);
			path = Pods;
			sourceTree = "<group>";
		};
		840DB50E26455E44005FB225 = {
			isa = PBXGroup;
			children = (
				840DB51926455E44005FB225 /* Messenger */,
				840DB51826455E44005FB225 /* Products */,
				7D326CBB71FA6F5E4BFB33AB /* Pods */,
				551EBA93DCE4E18D7EFF1A1E /* Frameworks */,
			);
			sourceTree = "<group>";
		};
		840DB51826455E44005FB225 /* Products */ = {
			isa = PBXGroup;
			children = (
				840DB51726455E44005FB225 /* Messenger.app */,
			);
			name = Products;
			sourceTree = "<group>";
		};
		840DB51926455E44005FB225 /* Messenger */ = {
			isa = PBXGroup;
			children = (
				845855F42646B01100BCC663 /* Support */,
				840DB5662646A66D005FB225 /* GoogleService-Info.plist */,
				840DB55B26464C82005FB225 /* Model */,
				840DB54C26461DEB005FB225 /* View */,
				840DB53926456829005FB225 /* Controller */,
				840DB51A26455E44005FB225 /* AppDelegate.swift */,
				840DB51C26455E44005FB225 /* SceneDelegate.swift */,
				840DB52026455E45005FB225 /* Main.storyboard */,
				840DB52626455E4A005FB225 /* Assets.xcassets */,
				840DB52826455E4A005FB225 /* LaunchScreen.storyboard */,
				840DB52B26455E4A005FB225 /* Info.plist */,
				840DB52326455E45005FB225 /* Messenger.xcdatamodeld */,
			);
			path = Messenger;
			sourceTree = "<group>";
		};
		840DB53926456829005FB225 /* Controller */ = {
			isa = PBXGroup;
			children = (
				840DB53626456397005FB225 /* FriendListViewController.swift */,
				840DB55226463B2F005FB225 /* HomeViewController.swift */,
				840DB56026465B1D005FB225 /* RegisterViewController.swift */,
				840DB56326465C9E005FB225 /* TabBarViewController.swift */,
			);
			path = Controller;
			sourceTree = "<group>";
		};
		840DB54C26461DEB005FB225 /* View */ = {
			isa = PBXGroup;
			children = (
				840DB53E26456929005FB225 /* ConversationTableViewCell.swift */,
				840DB5422645699D005FB225 /* UserOnlineCollectionViewCell.swift */,
				840DB54E26461E0A005FB225 /* CustomPersonalButton.swift */,
				840DB555264642D4005FB225 /* SearchBarTableViewCell.swift */,
				840DB558264643D1005FB225 /* UserOnlineTableViewCell.swift */,
			);
			path = View;
			sourceTree = "<group>";
		};
		840DB55B26464C82005FB225 /* Model */ = {
			isa = PBXGroup;
			children = (
				840DB55C26464C93005FB225 /* User.swift */,
			);
			path = Model;
			sourceTree = "<group>";
		};
		845855F42646B01100BCC663 /* Support */ = {
			isa = PBXGroup;
			children = (
				845855F52646B03200BCC663 /* FirebaseSingleton.swift */,
			);
			path = Support;
			sourceTree = "<group>";
		};
/* End PBXGroup section */

/* Begin PBXNativeTarget section */
		840DB51626455E44005FB225 /* Messenger */ = {
			isa = PBXNativeTarget;
			buildConfigurationList = 840DB52E26455E4A005FB225 /* Build configuration list for PBXNativeTarget "Messenger" */;
			buildPhases = (
				4634A51E56B9831159B8E626 /* [CP] Check Pods Manifest.lock */,
				840DB51326455E44005FB225 /* Sources */,
				840DB51426455E44005FB225 /* Frameworks */,
				840DB51526455E44005FB225 /* Resources */,
				DC5745E30F544A9371390662 /* [CP] Embed Pods Frameworks */,
			);
			buildRules = (
			);
			dependencies = (
			);
			name = Messenger;
			productName = Messenger;
			productReference = 840DB51726455E44005FB225 /* Messenger.app */;
			productType = "com.apple.product-type.application";
		};
/* End PBXNativeTarget section */

/* Begin PBXProject section */
		840DB50F26455E44005FB225 /* Project object */ = {
			isa = PBXProject;
			attributes = {
				LastSwiftUpdateCheck = 1240;
				LastUpgradeCheck = 1240;
				TargetAttributes = {
					840DB51626455E44005FB225 = {
						CreatedOnToolsVersion = 12.4;
					};
				};
			};
			buildConfigurationList = 840DB51226455E44005FB225 /* Build configuration list for PBXProject "Messenger" */;
			compatibilityVersion = "Xcode 9.3";
			developmentRegion = en;
			hasScannedForEncodings = 0;
			knownRegions = (
				en,
				Base,
			);
			mainGroup = 840DB50E26455E44005FB225;
			productRefGroup = 840DB51826455E44005FB225 /* Products */;
			projectDirPath = "";
			projectRoot = "";
			targets = (
				840DB51626455E44005FB225 /* Messenger */,
			);
		};
/* End PBXProject section */

/* Begin PBXResourcesBuildPhase section */
		840DB51526455E44005FB225 /* Resources */ = {
			isa = PBXResourcesBuildPhase;
			buildActionMask = 2147483647;
			files = (
				840DB52A26455E4A005FB225 /* LaunchScreen.storyboard in Resources */,
				840DB5672646A66D005FB225 /* GoogleService-Info.plist in Resources */,
				840DB52726455E4A005FB225 /* Assets.xcassets in Resources */,
				840DB52226455E45005FB225 /* Main.storyboard in Resources */,
			);
			runOnlyForDeploymentPostprocessing = 0;
		};
/* End PBXResourcesBuildPhase section */

/* Begin PBXShellScriptBuildPhase section */
		4634A51E56B9831159B8E626 /* [CP] Check Pods Manifest.lock */ = {
			isa = PBXShellScriptBuildPhase;
			buildActionMask = 2147483647;
			files = (
			);
			inputFileListPaths = (
			);
			inputPaths = (
				"${PODS_PODFILE_DIR_PATH}/Podfile.lock",
				"${PODS_ROOT}/Manifest.lock",
			);
			name = "[CP] Check Pods Manifest.lock";
			outputFileListPaths = (
			);
			outputPaths = (
				"$(DERIVED_FILE_DIR)/Pods-Messenger-checkManifestLockResult.txt",
			);
			runOnlyForDeploymentPostprocessing = 0;
			shellPath = /bin/sh;
			shellScript = "diff \"${PODS_PODFILE_DIR_PATH}/Podfile.lock\" \"${PODS_ROOT}/Manifest.lock\" > /dev/null\nif [ $? != 0 ] ; then\n    # print error to STDERR\n    echo \"error: The sandbox is not in sync with the Podfile.lock. Run 'pod install' or update your CocoaPods installation.\" >&2\n    exit 1\nfi\n# This output is used by Xcode 'outputs' to avoid re-running this script phase.\necho \"SUCCESS\" > \"${SCRIPT_OUTPUT_FILE_0}\"\n";
			showEnvVarsInLog = 0;
		};
		DC5745E30F544A9371390662 /* [CP] Embed Pods Frameworks */ = {
			isa = PBXShellScriptBuildPhase;
			buildActionMask = 2147483647;
			files = (
			);
			inputFileListPaths = (
				"${PODS_ROOT}/Target Support Files/Pods-Messenger/Pods-Messenger-frameworks-${CONFIGURATION}-input-files.xcfilelist",
			);
			name = "[CP] Embed Pods Frameworks";
			outputFileListPaths = (
				"${PODS_ROOT}/Target Support Files/Pods-Messenger/Pods-Messenger-frameworks-${CONFIGURATION}-output-files.xcfilelist",
			);
			runOnlyForDeploymentPostprocessing = 0;
			shellPath = /bin/sh;
			shellScript = "\"${PODS_ROOT}/Target Support Files/Pods-Messenger/Pods-Messenger-frameworks.sh\"\n";
			showEnvVarsInLog = 0;
		};
/* End PBXShellScriptBuildPhase section */

/* Begin PBXSourcesBuildPhase section */
		840DB51326455E44005FB225 /* Sources */ = {
			isa = PBXSourcesBuildPhase;
			buildActionMask = 2147483647;
			files = (
				840DB54F26461E0A005FB225 /* CustomPersonalButton.swift in Sources */,
				840DB53726456397005FB225 /* FriendListViewController.swift in Sources */,
				840DB5432645699D005FB225 /* UserOnlineCollectionViewCell.swift in Sources */,
				840DB56126465B1D005FB225 /* RegisterViewController.swift in Sources */,
				840DB559264643D1005FB225 /* UserOnlineTableViewCell.swift in Sources */,
				840DB55326463B2F005FB225 /* HomeViewController.swift in Sources */,
				840DB51B26455E44005FB225 /* AppDelegate.swift in Sources */,
				840DB53F26456929005FB225 /* ConversationTableViewCell.swift in Sources */,
				840DB556264642D4005FB225 /* SearchBarTableViewCell.swift in Sources */,
				840DB51D26455E44005FB225 /* SceneDelegate.swift in Sources */,
				840DB56426465C9E005FB225 /* TabBarViewController.swift in Sources */,
				840DB52526455E45005FB225 /* Messenger.xcdatamodeld in Sources */,
				845855F62646B03200BCC663 /* FirebaseSingleton.swift in Sources */,
				840DB55D26464C93005FB225 /* User.swift in Sources */,
			);
			runOnlyForDeploymentPostprocessing = 0;
		};
/* End PBXSourcesBuildPhase section */

/* Begin PBXVariantGroup section */
		840DB52026455E45005FB225 /* Main.storyboard */ = {
			isa = PBXVariantGroup;
			children = (
				840DB52126455E45005FB225 /* Base */,
			);
			name = Main.storyboard;
			sourceTree = "<group>";
		};
		840DB52826455E4A005FB225 /* LaunchScreen.storyboard */ = {
			isa = PBXVariantGroup;
			children = (
				840DB52926455E4A005FB225 /* Base */,
			);
			name = LaunchScreen.storyboard;
			sourceTree = "<group>";
		};
/* End PBXVariantGroup section */

/* Begin XCBuildConfiguration section */
		840DB52C26455E4A005FB225 /* Debug */ = {
			isa = XCBuildConfiguration;
			buildSettings = {
				ALWAYS_SEARCH_USER_PATHS = NO;
				CLANG_ANALYZER_NONNULL = YES;
				CLANG_ANALYZER_NUMBER_OBJECT_CONVERSION = YES_AGGRESSIVE;
				CLANG_CXX_LANGUAGE_STANDARD = "gnu++14";
				CLANG_CXX_LIBRARY = "libc++";
				CLANG_ENABLE_MODULES = YES;
				CLANG_ENABLE_OBJC_ARC = YES;
				CLANG_ENABLE_OBJC_WEAK = YES;
				CLANG_WARN_BLOCK_CAPTURE_AUTORELEASING = YES;
				CLANG_WARN_BOOL_CONVERSION = YES;
				CLANG_WARN_COMMA = YES;
				CLANG_WARN_CONSTANT_CONVERSION = YES;
				CLANG_WARN_DEPRECATED_OBJC_IMPLEMENTATIONS = YES;
				CLANG_WARN_DIRECT_OBJC_ISA_USAGE = YES_ERROR;
				CLANG_WARN_DOCUMENTATION_COMMENTS = YES;
				CLANG_WARN_EMPTY_BODY = YES;
				CLANG_WARN_ENUM_CONVERSION = YES;
				CLANG_WARN_INFINITE_RECURSION = YES;
				CLANG_WARN_INT_CONVERSION = YES;
				CLANG_WARN_NON_LITERAL_NULL_CONVERSION = YES;
				CLANG_WARN_OBJC_IMPLICIT_RETAIN_SELF = YES;
				CLANG_WARN_OBJC_LITERAL_CONVERSION = YES;
				CLANG_WARN_OBJC_ROOT_CLASS = YES_ERROR;
				CLANG_WARN_QUOTED_INCLUDE_IN_FRAMEWORK_HEADER = YES;
				CLANG_WARN_RANGE_LOOP_ANALYSIS = YES;
				CLANG_WARN_STRICT_PROTOTYPES = YES;
				CLANG_WARN_SUSPICIOUS_MOVE = YES;
				CLANG_WARN_UNGUARDED_AVAILABILITY = YES_AGGRESSIVE;
				CLANG_WARN_UNREACHABLE_CODE = YES;
				CLANG_WARN__DUPLICATE_METHOD_MATCH = YES;
				COPY_PHASE_STRIP = NO;
				DEBUG_INFORMATION_FORMAT = dwarf;
				ENABLE_STRICT_OBJC_MSGSEND = YES;
				ENABLE_TESTABILITY = YES;
				GCC_C_LANGUAGE_STANDARD = gnu11;
				GCC_DYNAMIC_NO_PIC = NO;
				GCC_NO_COMMON_BLOCKS = YES;
				GCC_OPTIMIZATION_LEVEL = 0;
				GCC_PREPROCESSOR_DEFINITIONS = (
					"DEBUG=1",
					"$(inherited)",
				);
				GCC_WARN_64_TO_32_BIT_CONVERSION = YES;
				GCC_WARN_ABOUT_RETURN_TYPE = YES_ERROR;
				GCC_WARN_UNDECLARED_SELECTOR = YES;
				GCC_WARN_UNINITIALIZED_AUTOS = YES_AGGRESSIVE;
				GCC_WARN_UNUSED_FUNCTION = YES;
				GCC_WARN_UNUSED_VARIABLE = YES;
				IPHONEOS_DEPLOYMENT_TARGET = 14.4;
				MTL_ENABLE_DEBUG_INFO = INCLUDE_SOURCE;
				MTL_FAST_MATH = YES;
				ONLY_ACTIVE_ARCH = YES;
				SDKROOT = iphoneos;
				SWIFT_ACTIVE_COMPILATION_CONDITIONS = DEBUG;
				SWIFT_OPTIMIZATION_LEVEL = "-Onone";
			};
			name = Debug;
		};
		840DB52D26455E4A005FB225 /* Release */ = {
			isa = XCBuildConfiguration;
			buildSettings = {
				ALWAYS_SEARCH_USER_PATHS = NO;
				CLANG_ANALYZER_NONNULL = YES;
				CLANG_ANALYZER_NUMBER_OBJECT_CONVERSION = YES_AGGRESSIVE;
				CLANG_CXX_LANGUAGE_STANDARD = "gnu++14";
				CLANG_CXX_LIBRARY = "libc++";
				CLANG_ENABLE_MODULES = YES;
				CLANG_ENABLE_OBJC_ARC = YES;
				CLANG_ENABLE_OBJC_WEAK = YES;
				CLANG_WARN_BLOCK_CAPTURE_AUTORELEASING = YES;
				CLANG_WARN_BOOL_CONVERSION = YES;
				CLANG_WARN_COMMA = YES;
				CLANG_WARN_CONSTANT_CONVERSION = YES;
				CLANG_WARN_DEPRECATED_OBJC_IMPLEMENTATIONS = YES;
				CLANG_WARN_DIRECT_OBJC_ISA_USAGE = YES_ERROR;
				CLANG_WARN_DOCUMENTATION_COMMENTS = YES;
				CLANG_WARN_EMPTY_BODY = YES;
				CLANG_WARN_ENUM_CONVERSION = YES;
				CLANG_WARN_INFINITE_RECURSION = YES;
				CLANG_WARN_INT_CONVERSION = YES;
				CLANG_WARN_NON_LITERAL_NULL_CONVERSION = YES;
				CLANG_WARN_OBJC_IMPLICIT_RETAIN_SELF = YES;
				CLANG_WARN_OBJC_LITERAL_CONVERSION = YES;
				CLANG_WARN_OBJC_ROOT_CLASS = YES_ERROR;
				CLANG_WARN_QUOTED_INCLUDE_IN_FRAMEWORK_HEADER = YES;
				CLANG_WARN_RANGE_LOOP_ANALYSIS = YES;
				CLANG_WARN_STRICT_PROTOTYPES = YES;
				CLANG_WARN_SUSPICIOUS_MOVE = YES;
				CLANG_WARN_UNGUARDED_AVAILABILITY = YES_AGGRESSIVE;
				CLANG_WARN_UNREACHABLE_CODE = YES;
				CLANG_WARN__DUPLICATE_METHOD_MATCH = YES;
				COPY_PHASE_STRIP = NO;
				DEBUG_INFORMATION_FORMAT = "dwarf-with-dsym";
				ENABLE_NS_ASSERTIONS = NO;
				ENABLE_STRICT_OBJC_MSGSEND = YES;
				GCC_C_LANGUAGE_STANDARD = gnu11;
				GCC_NO_COMMON_BLOCKS = YES;
				GCC_WARN_64_TO_32_BIT_CONVERSION = YES;
				GCC_WARN_ABOUT_RETURN_TYPE = YES_ERROR;
				GCC_WARN_UNDECLARED_SELECTOR = YES;
				GCC_WARN_UNINITIALIZED_AUTOS = YES_AGGRESSIVE;
				GCC_WARN_UNUSED_FUNCTION = YES;
				GCC_WARN_UNUSED_VARIABLE = YES;
				IPHONEOS_DEPLOYMENT_TARGET = 14.4;
				MTL_ENABLE_DEBUG_INFO = NO;
				MTL_FAST_MATH = YES;
				SDKROOT = iphoneos;
				SWIFT_COMPILATION_MODE = wholemodule;
				SWIFT_OPTIMIZATION_LEVEL = "-O";
				VALIDATE_PRODUCT = YES;
			};
			name = Release;
		};
		840DB52F26455E4A005FB225 /* Debug */ = {
			isa = XCBuildConfiguration;
			baseConfigurationReference = BCD38BC5B8EEBF2CEB8DB750 /* Pods-Messenger.debug.xcconfig */;
			buildSettings = {
				ASSETCATALOG_COMPILER_APPICON_NAME = AppIcon;
				ASSETCATALOG_COMPILER_GLOBAL_ACCENT_COLOR_NAME = AccentColor;
				CODE_SIGN_STYLE = Automatic;
				DEVELOPMENT_TEAM = BDXRLF8754;
				INFOPLIST_FILE = Messenger/Info.plist;
				LD_RUNPATH_SEARCH_PATHS = (
					"$(inherited)",
					"@executable_path/Frameworks",
				);
				PRODUCT_BUNDLE_IDENTIFIER = IOSProject.Messenger;
				PRODUCT_NAME = "$(TARGET_NAME)";
				SWIFT_VERSION = 5.0;
				TARGETED_DEVICE_FAMILY = "1,2";
			};
			name = Debug;
		};
		840DB53026455E4A005FB225 /* Release */ = {
			isa = XCBuildConfiguration;
			baseConfigurationReference = F4873906C6587046AB976AC2 /* Pods-Messenger.release.xcconfig */;
			buildSettings = {
				ASSETCATALOG_COMPILER_APPICON_NAME = AppIcon;
				ASSETCATALOG_COMPILER_GLOBAL_ACCENT_COLOR_NAME = AccentColor;
				CODE_SIGN_STYLE = Automatic;
				DEVELOPMENT_TEAM = BDXRLF8754;
				INFOPLIST_FILE = Messenger/Info.plist;
				LD_RUNPATH_SEARCH_PATHS = (
					"$(inherited)",
					"@executable_path/Frameworks",
				);
				PRODUCT_BUNDLE_IDENTIFIER = IOSProject.Messenger;
				PRODUCT_NAME = "$(TARGET_NAME)";
				SWIFT_VERSION = 5.0;
				TARGETED_DEVICE_FAMILY = "1,2";
			};
			name = Release;
		};
/* End XCBuildConfiguration section */

/* Begin XCConfigurationList section */
		840DB51226455E44005FB225 /* Build configuration list for PBXProject "Messenger" */ = {
			isa = XCConfigurationList;
			buildConfigurations = (
				840DB52C26455E4A005FB225 /* Debug */,
				840DB52D26455E4A005FB225 /* Release */,
			);
			defaultConfigurationIsVisible = 0;
			defaultConfigurationName = Release;
		};
		840DB52E26455E4A005FB225 /* Build configuration list for PBXNativeTarget "Messenger" */ = {
			isa = XCConfigurationList;
			buildConfigurations = (
				840DB52F26455E4A005FB225 /* Debug */,
				840DB53026455E4A005FB225 /* Release */,
			);
			defaultConfigurationIsVisible = 0;
			defaultConfigurationName = Release;
		};
/* End XCConfigurationList section */

/* Begin XCVersionGroup section */
		840DB52326455E45005FB225 /* Messenger.xcdatamodeld */ = {
			isa = XCVersionGroup;
			children = (
				840DB52426455E45005FB225 /* Messenger.xcdatamodel */,
			);
			currentVersion = 840DB52426455E45005FB225 /* Messenger.xcdatamodel */;
			path = Messenger.xcdatamodeld;
			sourceTree = "<group>";
			versionGroupType = wrapper.xcdatamodel;
		};
/* End XCVersionGroup section */
	};
	rootObject = 840DB50F26455E44005FB225 /* Project object */;
}
